{
  "name": "beep",
  "version": "1.0.0",
  "lockfileVersion": 2,
  "requires": true,
  "packages": {
    "": {
      "name": "beep",
      "version": "1.0.0",
      "license": "ISC",
      "dependencies": {
        "play-sound": "^1.1.5",
        "tonegenerator": "^0.3.2",
        "waveheader": "^0.0.2"
      }
    },
    "node_modules/debug": {
      "version": "0.7.4",
      "resolved": "https://registry.npmjs.org/debug/-/debug-0.7.4.tgz",
      "integrity": "sha1-BuHqgILCyxTjmAbiLi9vdX+Srzk=",
      "engines": {
        "node": "*"
      }
    },
    "node_modules/find-exec": {
      "version": "1.0.2",
      "resolved": "https://registry.npmjs.org/find-exec/-/find-exec-1.0.2.tgz",
      "integrity": "sha512-/cs763F5i7Nm/aG+hjBv2nJB/Bl2w0tnuZd5bbfcV+WYapn8T4ez3B87H6MgvsmdheDkitj/rHi557wvE+XylQ=="
    },
    "node_modules/play-sound": {
      "version": "1.1.5",
      "resolved": "https://registry.npmjs.org/play-sound/-/play-sound-1.1.5.tgz",
      "integrity": "sha512-gbdF1iLNyL5r9Ne9YwARGMkrvfR4EL9G1ZLtFPLkI2tQt0kkHw5CHM5E6Gl/lDuuk/Uj/O5Q29Bi08jMK4egbA==",
      "dependencies": {
        "find-exec": "1.0.2"
      }
    },
    "node_modules/tonegenerator": {
      "version": "0.3.2",
      "resolved": "https://registry.npmjs.org/tonegenerator/-/tonegenerator-0.3.2.tgz",
      "integrity": "sha512-TWAMl0cf33WwkEF+jcIIKugwG+UMfWvi1cdjOUU81FWEM6znHbZ8U+ELzvm2goOJPDwcq+qfwbuJGle0F1ZjqA=="
    },
    "node_modules/waveheader": {
      "version": "0.0.2",
      "resolved": "https://registry.npmjs.org/waveheader/-/waveheader-0.0.2.tgz",
      "integrity": "sha1-Xbj1M8GfaK/QOBMwbQbnveK4vEM=",
      "dependencies": {
        "debug": "~0.7.2"
      }
    }
  },
  "dependencies": {
    "debug": {
      "version": "0.7.4",
      "resolved": "https://registry.npmjs.org/debug/-/debug-0.7.4.tgz",
      "integrity": "sha1-BuHqgILCyxTjmAbiLi9vdX+Srzk="
    },
    "find-exec": {
      "version": "1.0.2",
      "resolved": "https://registry.npmjs.org/find-exec/-/find-exec-1.0.2.tgz",
      "integrity": "sha512-/cs763F5i7Nm/aG+hjBv2nJB/Bl2w0tnuZd5bbfcV+WYapn8T4ez3B87H6MgvsmdheDkitj/rHi557wvE+XylQ=="
    },
    "play-sound": {
      "version": "1.1.5",
      "resolved": "https://registry.npmjs.org/play-sound/-/play-sound-1.1.5.tgz",
      "integrity": "sha512-gbdF1iLNyL5r9Ne9YwARGMkrvfR4EL9G1ZLtFPLkI2tQt0kkHw5CHM5E6Gl/lDuuk/Uj/O5Q29Bi08jMK4egbA==",
      "requires": {
        "find-exec": "1.0.2"
      }
    },
    "tonegenerator": {
      "version": "0.3.2",
      "resolved": "https://registry.npmjs.org/tonegenerator/-/tonegenerator-0.3.2.tgz",
      "integrity": "sha512-TWAMl0cf33WwkEF+jcIIKugwG+UMfWvi1cdjOUU81FWEM6znHbZ8U+ELzvm2goOJPDwcq+qfwbuJGle0F1ZjqA=="
    },
    "waveheader": {
      "version": "0.0.2",
      "resolved": "https://registry.npmjs.org/waveheader/-/waveheader-0.0.2.tgz",
      "integrity": "sha1-Xbj1M8GfaK/QOBMwbQbnveK4vEM=",
      "requires": {
        "debug": "~0.7.2"
      }
    }
  }
}
